// !$*UTF8*$!
{
	archiveVersion = 1;
	classes = {
	};
	objectVersion = 56;
	objects = {

/* Begin PBXBuildFile section */
		200E2C93293AC9A20069959A /* AppDelegate.swift in Sources */ = {isa = PBXBuildFile; fileRef = 200E2C92293AC9A20069959A /* AppDelegate.swift */; };
		200E2C95293AC9A20069959A /* SceneDelegate.swift in Sources */ = {isa = PBXBuildFile; fileRef = 200E2C94293AC9A20069959A /* SceneDelegate.swift */; };
		200E2C97293AC9A20069959A /* ViewController.swift in Sources */ = {isa = PBXBuildFile; fileRef = 200E2C96293AC9A20069959A /* ViewController.swift */; };
		200E2C9A293AC9A20069959A /* Main.storyboard in Resources */ = {isa = PBXBuildFile; fileRef = 200E2C98293AC9A20069959A /* Main.storyboard */; };
		200E2C9C293AC9A30069959A /* Assets.xcassets in Resources */ = {isa = PBXBuildFile; fileRef = 200E2C9B293AC9A30069959A /* Assets.xcassets */; };
		200E2C9F293AC9A30069959A /* LaunchScreen.storyboard in Resources */ = {isa = PBXBuildFile; fileRef = 200E2C9D293AC9A30069959A /* LaunchScreen.storyboard */; };
		200E2CAA293AC9A30069959A /* SwiftTestingSampleTests.swift in Sources */ = {isa = PBXBuildFile; fileRef = 200E2CA9293AC9A30069959A /* SwiftTestingSampleTests.swift */; };
		200E2CB4293AC9A30069959A /* SwiftTestingSampleUITests.swift in Sources */ = {isa = PBXBuildFile; fileRef = 200E2CB3293AC9A30069959A /* SwiftTestingSampleUITests.swift */; };
		200E2CB6293AC9A30069959A /* SwiftTestingSampleUITestsLaunchTests.swift in Sources */ = {isa = PBXBuildFile; fileRef = 200E2CB5293AC9A30069959A /* SwiftTestingSampleUITestsLaunchTests.swift */; };
/* End PBXBuildFile section */

/* Begin PBXContainerItemProxy section */
		200E2CA6293AC9A30069959A /* PBXContainerItemProxy */ = {
			isa = PBXContainerItemProxy;
			containerPortal = 200E2C87293AC9A20069959A /* Project object */;
			proxyType = 1;
			remoteGlobalIDString = 200E2C8E293AC9A20069959A;
			remoteInfo = SwiftTestingSample;
		};
		200E2CB0293AC9A30069959A /* PBXContainerItemProxy */ = {
			isa = PBXContainerItemProxy;
			containerPortal = 200E2C87293AC9A20069959A /* Project object */;
			proxyType = 1;
			remoteGlobalIDString = 200E2C8E293AC9A20069959A;
			remoteInfo = SwiftTestingSample;
		};
/* End PBXContainerItemProxy section */

/* Begin PBXFileReference section */
		200E2C8F293AC9A20069959A /* SwiftTestingSample.app */ = {isa = PBXFileReference; explicitFileType = wrapper.application; includeInIndex = 0; path = SwiftTestingSample.app; sourceTree = BUILT_PRODUCTS_DIR; };
		200E2C92293AC9A20069959A /* AppDelegate.swift */ = {isa = PBXFileReference; lastKnownFileType = sourcecode.swift; path = AppDelegate.swift; sourceTree = "<group>"; };
		200E2C94293AC9A20069959A /* SceneDelegate.swift */ = {isa = PBXFileReference; lastKnownFileType = sourcecode.swift; path = SceneDelegate.swift; sourceTree = "<group>"; };
		200E2C96293AC9A20069959A /* ViewController.swift */ = {isa = PBXFileReference; lastKnownFileType = sourcecode.swift; path = ViewController.swift; sourceTree = "<group>"; };
		200E2C99293AC9A20069959A /* Base */ = {isa = PBXFileReference; lastKnownFileType = file.storyboard; name = Base; path = Base.lproj/Main.storyboard; sourceTree = "<group>"; };
		200E2C9B293AC9A30069959A /* Assets.xcassets */ = {isa = PBXFileReference; lastKnownFileType = folder.assetcatalog; path = Assets.xcassets; sourceTree = "<group>"; };
		200E2C9E293AC9A30069959A /* Base */ = {isa = PBXFileReference; lastKnownFileType = file.storyboard; name = Base; path = Base.lproj/LaunchScreen.storyboard; sourceTree = "<group>"; };
		200E2CA0293AC9A30069959A /* Info.plist */ = {isa = PBXFileReference; lastKnownFileType = text.plist.xml; path = Info.plist; sourceTree = "<group>"; };
		200E2CA5293AC9A30069959A /* SwiftTestingSampleTests.xctest */ = {isa = PBXFileReference; explicitFileType = wrapper.cfbundle; includeInIndex = 0; path = SwiftTestingSampleTests.xctest; sourceTree = BUILT_PRODUCTS_DIR; };
		200E2CA9293AC9A30069959A /* SwiftTestingSampleTests.swift */ = {isa = PBXFileReference; lastKnownFileType = sourcecode.swift; path = SwiftTestingSampleTests.swift; sourceTree = "<group>"; };
		200E2CAF293AC9A30069959A /* SwiftTestingSampleUITests.xctest */ = {isa = PBXFileReference; explicitFileType = wrapper.cfbundle; includeInIndex = 0; path = SwiftTestingSampleUITests.xctest; sourceTree = BUILT_PRODUCTS_DIR; };
		200E2CB3293AC9A30069959A /* SwiftTestingSampleUITests.swift */ = {isa = PBXFileReference; lastKnownFileType = sourcecode.swift; path = SwiftTestingSampleUITests.swift; sourceTree = "<group>"; };
		200E2CB5293AC9A30069959A /* SwiftTestingSampleUITestsLaunchTests.swift */ = {isa = PBXFileReference; lastKnownFileType = sourcecode.swift; path = SwiftTestingSampleUITestsLaunchTests.swift; sourceTree = "<group>"; };
/* End PBXFileReference section */

/* Begin PBXFrameworksBuildPhase section */
		200E2C8C293AC9A20069959A /* Frameworks */ = {
			isa = PBXFrameworksBuildPhase;
			buildActionMask = 2147483647;
			files = (
			);
			runOnlyForDeploymentPostprocessing = 0;
		};
		200E2CA2293AC9A30069959A /* Frameworks */ = {
			isa = PBXFrameworksBuildPhase;
			buildActionMask = 2147483647;
			files = (
			);
			runOnlyForDeploymentPostprocessing = 0;
		};
		200E2CAC293AC9A30069959A /* Frameworks */ = {
			isa = PBXFrameworksBuildPhase;
			buildActionMask = 2147483647;
			files = (
			);
			runOnlyForDeploymentPostprocessing = 0;
		};
/* End PBXFrameworksBuildPhase section */

/* Begin PBXGroup section */
		200E2C86293AC9A20069959A = {
			isa = PBXGroup;
			children = (
				200E2C91293AC9A20069959A /* SwiftTestingSample */,
				200E2CA8293AC9A30069959A /* SwiftTestingSampleTests */,
				200E2CB2293AC9A30069959A /* SwiftTestingSampleUITests */,
				200E2C90293AC9A20069959A /* Products */,
			);
			sourceTree = "<group>";
		};
		200E2C90293AC9A20069959A /* Products */ = {
			isa = PBXGroup;
			children = (
				200E2C8F293AC9A20069959A /* SwiftTestingSample.app */,
				200E2CA5293AC9A30069959A /* SwiftTestingSampleTests.xctest */,
				200E2CAF293AC9A30069959A /* SwiftTestingSampleUITests.xctest */,
			);
			name = Products;
			sourceTree = "<group>";
		};
		200E2C91293AC9A20069959A /* SwiftTestingSample */ = {
			isa = PBXGroup;
			children = (
				200E2C92293AC9A20069959A /* AppDelegate.swift */,
				200E2C94293AC9A20069959A /* SceneDelegate.swift */,
				200E2C96293AC9A20069959A /* ViewController.swift */,
				200E2C98293AC9A20069959A /* Main.storyboard */,
				200E2C9B293AC9A30069959A /* Assets.xcassets */,
				200E2C9D293AC9A30069959A /* LaunchScreen.storyboard */,
				200E2CA0293AC9A30069959A /* Info.plist */,
			);
			path = SwiftTestingSample;
			sourceTree = "<group>";
		};
		200E2CA8293AC9A30069959A /* SwiftTestingSampleTests */ = {
			isa = PBXGroup;
			children = (
				200E2CA9293AC9A30069959A /* SwiftTestingSampleTests.swift */,
			);
			path = SwiftTestingSampleTests;
			sourceTree = "<group>";
		};
		200E2CB2293AC9A30069959A /* SwiftTestingSampleUITests */ = {
			isa = PBXGroup;
			children = (
				200E2CB3293AC9A30069959A /* SwiftTestingSampleUITests.swift */,
				200E2CB5293AC9A30069959A /* SwiftTestingSampleUITestsLaunchTests.swift */,
			);
			path = SwiftTestingSampleUITests;
			sourceTree = "<group>";
		};
/* End PBXGroup section */

/* Begin PBXNativeTarget section */
		200E2C8E293AC9A20069959A /* SwiftTestingSample */ = {
			isa = PBXNativeTarget;
			buildConfigurationList = 200E2CB9293AC9A30069959A /* Build configuration list for PBXNativeTarget "SwiftTestingSample" */;
			buildPhases = (
				200E2C8B293AC9A20069959A /* Sources */,
				200E2C8C293AC9A20069959A /* Frameworks */,
				200E2C8D293AC9A20069959A /* Resources */,
			);
			buildRules = (
			);
			dependencies = (
			);
			name = SwiftTestingSample;
			productName = SwiftTestingSample;
			productReference = 200E2C8F293AC9A20069959A /* SwiftTestingSample.app */;
			productType = "com.apple.product-type.application";
		};
		200E2CA4293AC9A30069959A /* SwiftTestingSampleTests */ = {
			isa = PBXNativeTarget;
			buildConfigurationList = 200E2CBC293AC9A30069959A /* Build configuration list for PBXNativeTarget "SwiftTestingSampleTests" */;
			buildPhases = (
				200E2CA1293AC9A30069959A /* Sources */,
				200E2CA2293AC9A30069959A /* Frameworks */,
				200E2CA3293AC9A30069959A /* Resources */,
			);
			buildRules = (
			);
			dependencies = (
				200E2CA7293AC9A30069959A /* PBXTargetDependency */,
			);
			name = SwiftTestingSampleTests;
			productName = SwiftTestingSampleTests;
			productReference = 200E2CA5293AC9A30069959A /* SwiftTestingSampleTests.xctest */;
			productType = "com.apple.product-type.bundle.unit-test";
		};
		200E2CAE293AC9A30069959A /* SwiftTestingSampleUITests */ = {
			isa = PBXNativeTarget;
			buildConfigurationList = 200E2CBF293AC9A30069959A /* Build configuration list for PBXNativeTarget "SwiftTestingSampleUITests" */;
			buildPhases = (
				200E2CAB293AC9A30069959A /* Sources */,
				200E2CAC293AC9A30069959A /* Frameworks */,
				200E2CAD293AC9A30069959A /* Resources */,
			);
			buildRules = (
			);
			dependencies = (
				200E2CB1293AC9A30069959A /* PBXTargetDependency */,
			);
			name = SwiftTestingSampleUITests;
			productName = SwiftTestingSampleUITests;
			productReference = 200E2CAF293AC9A30069959A /* SwiftTestingSampleUITests.xctest */;
			productType = "com.apple.product-type.bundle.ui-testing";
		};
/* End PBXNativeTarget section */

/* Begin PBXProject section */
		200E2C87293AC9A20069959A /* Project object */ = {
			isa = PBXProject;
			attributes = {
				BuildIndependentTargetsInParallel = 1;
				LastSwiftUpdateCheck = 1410;
				LastUpgradeCheck = 1410;
				TargetAttributes = {
					200E2C8E293AC9A20069959A = {
						CreatedOnToolsVersion = 14.1;
					};
					200E2CA4293AC9A30069959A = {
						CreatedOnToolsVersion = 14.1;
						TestTargetID = 200E2C8E293AC9A20069959A;
					};
					200E2CAE293AC9A30069959A = {
						CreatedOnToolsVersion = 14.1;
						TestTargetID = 200E2C8E293AC9A20069959A;
					};
				};
			};
			buildConfigurationList = 200E2C8A293AC9A20069959A /* Build configuration list for PBXProject "SwiftTestingSample" */;
			compatibilityVersion = "Xcode 14.0";
			developmentRegion = en;
			hasScannedForEncodings = 0;
			knownRegions = (
				en,
				Base,
			);
			mainGroup = 200E2C86293AC9A20069959A;
			productRefGroup = 200E2C90293AC9A20069959A /* Products */;
			projectDirPath = "";
			projectRoot = "";
			targets = (
				200E2C8E293AC9A20069959A /* SwiftTestingSample */,
				200E2CA4293AC9A30069959A /* SwiftTestingSampleTests */,
				200E2CAE293AC9A30069959A /* SwiftTestingSampleUITests */,
			);
		};
/* End PBXProject section */

/* Begin PBXResourcesBuildPhase section */
		200E2C8D293AC9A20069959A /* Resources */ = {
			isa = PBXResourcesBuildPhase;
			buildActionMask = 2147483647;
			files = (
				200E2C9F293AC9A30069959A /* LaunchScreen.storyboard in Resources */,
				200E2C9C293AC9A30069959A /* Assets.xcassets in Resources */,
				200E2C9A293AC9A20069959A /* Main.storyboard in Resources */,
			);
			runOnlyForDeploymentPostprocessing = 0;
		};
		200E2CA3293AC9A30069959A /* Resources */ = {
			isa = PBXResourcesBuildPhase;
			buildActionMask = 2147483647;
			files = (
			);
			runOnlyForDeploymentPostprocessing = 0;
		};
		200E2CAD293AC9A30069959A /* Resources */ = {
			isa = PBXResourcesBuildPhase;
			buildActionMask = 2147483647;
			files = (
			);
			runOnlyForDeploymentPostprocessing = 0;
		};
/* End PBXResourcesBuildPhase section */

/* Begin PBXSourcesBuildPhase section */
		200E2C8B293AC9A20069959A /* Sources */ = {
			isa = PBXSourcesBuildPhase;
			buildActionMask = 2147483647;
			files = (
				200E2C97293AC9A20069959A /* ViewController.swift in Sources */,
				200E2C93293AC9A20069959A /* AppDelegate.swift in Sources */,
				200E2C95293AC9A20069959A /* SceneDelegate.swift in Sources */,
			);
			runOnlyForDeploymentPostprocessing = 0;
		};
		200E2CA1293AC9A30069959A /* Sources */ = {
			isa = PBXSourcesBuildPhase;
			buildActionMask = 2147483647;
			files = (
				200E2CAA293AC9A30069959A /* SwiftTestingSampleTests.swift in Sources */,
			);
			runOnlyForDeploymentPostprocessing = 0;
		};
		200E2CAB293AC9A30069959A /* Sources */ = {
			isa = PBXSourcesBuildPhase;
			buildActionMask = 2147483647;
			files = (
				200E2CB4293AC9A30069959A /* SwiftTestingSampleUITests.swift in Sources */,
				200E2CB6293AC9A30069959A /* SwiftTestingSampleUITestsLaunchTests.swift in Sources */,
			);
			runOnlyForDeploymentPostprocessing = 0;
		};
/* End PBXSourcesBuildPhase section */

/* Begin PBXTargetDependency section */
		200E2CA7293AC9A30069959A /* PBXTargetDependency */ = {
			isa = PBXTargetDependency;
			target = 200E2C8E293AC9A20069959A /* SwiftTestingSample */;
			targetProxy = 200E2CA6293AC9A30069959A /* PBXContainerItemProxy */;
		};
		200E2CB1293AC9A30069959A /* PBXTargetDependency */ = {
			isa = PBXTargetDependency;
			target = 200E2C8E293AC9A20069959A /* SwiftTestingSample */;
			targetProxy = 200E2CB0293AC9A30069959A /* PBXContainerItemProxy */;
		};
/* End PBXTargetDependency section */

/* Begin PBXVariantGroup section */
		200E2C98293AC9A20069959A /* Main.storyboard */ = {
			isa = PBXVariantGroup;
			children = (
				200E2C99293AC9A20069959A /* Base */,
			);
			name = Main.storyboard;
			sourceTree = "<group>";
		};
		200E2C9D293AC9A30069959A /* LaunchScreen.storyboard */ = {
			isa = PBXVariantGroup;
			children = (
				200E2C9E293AC9A30069959A /* Base */,
			);
			name = LaunchScreen.storyboard;
			sourceTree = "<group>";
		};
/* End PBXVariantGroup section */

/* Begin XCBuildConfiguration section */
		200E2CB7293AC9A30069959A /* Debug */ = {
			isa = XCBuildConfiguration;
			buildSettings = {
				ALWAYS_SEARCH_USER_PATHS = NO;
				CLANG_ANALYZER_NONNULL = YES;
				CLANG_ANALYZER_NUMBER_OBJECT_CONVERSION = YES_AGGRESSIVE;
				CLANG_CXX_LANGUAGE_STANDARD = "gnu++20";
				CLANG_ENABLE_MODULES = YES;
				CLANG_ENABLE_OBJC_ARC = YES;
				CLANG_ENABLE_OBJC_WEAK = YES;
				CLANG_WARN_BLOCK_CAPTURE_AUTORELEASING = YES;
				CLANG_WARN_BOOL_CONVERSION = YES;
				CLANG_WARN_COMMA = YES;
				CLANG_WARN_CONSTANT_CONVERSION = YES;
				CLANG_WARN_DEPRECATED_OBJC_IMPLEMENTATIONS = YES;
				CLANG_WARN_DIRECT_OBJC_ISA_USAGE = YES_ERROR;
				CLANG_WARN_DOCUMENTATION_COMMENTS = YES;
				CLANG_WARN_EMPTY_BODY = YES;
				CLANG_WARN_ENUM_CONVERSION = YES;
				CLANG_WARN_INFINITE_RECURSION = YES;
				CLANG_WARN_INT_CONVERSION = YES;
				CLANG_WARN_NON_LITERAL_NULL_CONVERSION = YES;
				CLANG_WARN_OBJC_IMPLICIT_RETAIN_SELF = YES;
				CLANG_WARN_OBJC_LITERAL_CONVERSION = YES;
				CLANG_WARN_OBJC_ROOT_CLASS = YES_ERROR;
				CLANG_WARN_QUOTED_INCLUDE_IN_FRAMEWORK_HEADER = YES;
				CLANG_WARN_RANGE_LOOP_ANALYSIS = YES;
				CLANG_WARN_STRICT_PROTOTYPES = YES;
				CLANG_WARN_SUSPICIOUS_MOVE = YES;
				CLANG_WARN_UNGUARDED_AVAILABILITY = YES_AGGRESSIVE;
				CLANG_WARN_UNREACHABLE_CODE = YES;
				CLANG_WARN__DUPLICATE_METHOD_MATCH = YES;
				COPY_PHASE_STRIP = NO;
				DEBUG_INFORMATION_FORMAT = dwarf;
				ENABLE_STRICT_OBJC_MSGSEND = YES;
				ENABLE_TESTABILITY = YES;
				GCC_C_LANGUAGE_STANDARD = gnu11;
				GCC_DYNAMIC_NO_PIC = NO;
				GCC_NO_COMMON_BLOCKS = YES;
				GCC_OPTIMIZATION_LEVEL = 0;
				GCC_PREPROCESSOR_DEFINITIONS = (
					"DEBUG=1",
					"$(inherited)",
				);
				GCC_WARN_64_TO_32_BIT_CONVERSION = YES;
				GCC_WARN_ABOUT_RETURN_TYPE = YES_ERROR;
				GCC_WARN_UNDECLARED_SELECTOR = YES;
				GCC_WARN_UNINITIALIZED_AUTOS = YES_AGGRESSIVE;
				GCC_WARN_UNUSED_FUNCTION = YES;
				GCC_WARN_UNUSED_VARIABLE = YES;
				IPHONEOS_DEPLOYMENT_TARGET = 16.1;
				MTL_ENABLE_DEBUG_INFO = INCLUDE_SOURCE;
				MTL_FAST_MATH = YES;
				ONLY_ACTIVE_ARCH = YES;
				SDKROOT = iphoneos;
				SWIFT_ACTIVE_COMPILATION_CONDITIONS = DEBUG;
				SWIFT_OPTIMIZATION_LEVEL = "-Onone";
			};
			name = Debug;
		};
		200E2CB8293AC9A30069959A /* Release */ = {
			isa = XCBuildConfiguration;
			buildSettings = {
				ALWAYS_SEARCH_USER_PATHS = NO;
				CLANG_ANALYZER_NONNULL = YES;
				CLANG_ANALYZER_NUMBER_OBJECT_CONVERSION = YES_AGGRESSIVE;
				CLANG_CXX_LANGUAGE_STANDARD = "gnu++20";
				CLANG_ENABLE_MODULES = YES;
				CLANG_ENABLE_OBJC_ARC = YES;
				CLANG_ENABLE_OBJC_WEAK = YES;
				CLANG_WARN_BLOCK_CAPTURE_AUTORELEASING = YES;
				CLANG_WARN_BOOL_CONVERSION = YES;
				CLANG_WARN_COMMA = YES;
				CLANG_WARN_CONSTANT_CONVERSION = YES;
				CLANG_WARN_DEPRECATED_OBJC_IMPLEMENTATIONS = YES;
				CLANG_WARN_DIRECT_OBJC_ISA_USAGE = YES_ERROR;
				CLANG_WARN_DOCUMENTATION_COMMENTS = YES;
				CLANG_WARN_EMPTY_BODY = YES;
				CLANG_WARN_ENUM_CONVERSION = YES;
				CLANG_WARN_INFINITE_RECURSION = YES;
				CLANG_WARN_INT_CONVERSION = YES;
				CLANG_WARN_NON_LITERAL_NULL_CONVERSION = YES;
				CLANG_WARN_OBJC_IMPLICIT_RETAIN_SELF = YES;
				CLANG_WARN_OBJC_LITERAL_CONVERSION = YES;
				CLANG_WARN_OBJC_ROOT_CLASS = YES_ERROR;
				CLANG_WARN_QUOTED_INCLUDE_IN_FRAMEWORK_HEADER = YES;
				CLANG_WARN_RANGE_LOOP_ANALYSIS = YES;
				CLANG_WARN_STRICT_PROTOTYPES = YES;
				CLANG_WARN_SUSPICIOUS_MOVE = YES;
				CLANG_WARN_UNGUARDED_AVAILABILITY = YES_AGGRESSIVE;
				CLANG_WARN_UNREACHABLE_CODE = YES;
				CLANG_WARN__DUPLICATE_METHOD_MATCH = YES;
				COPY_PHASE_STRIP = NO;
				DEBUG_INFORMATION_FORMAT = "dwarf-with-dsym";
				ENABLE_NS_ASSERTIONS = NO;
				ENABLE_STRICT_OBJC_MSGSEND = YES;
				GCC_C_LANGUAGE_STANDARD = gnu11;
				GCC_NO_COMMON_BLOCKS = YES;
				GCC_WARN_64_TO_32_BIT_CONVERSION = YES;
				GCC_WARN_ABOUT_RETURN_TYPE = YES_ERROR;
				GCC_WARN_UNDECLARED_SELECTOR = YES;
				GCC_WARN_UNINITIALIZED_AUTOS = YES_AGGRESSIVE;
				GCC_WARN_UNUSED_FUNCTION = YES;
				GCC_WARN_UNUSED_VARIABLE = YES;
				IPHONEOS_DEPLOYMENT_TARGET = 16.1;
				MTL_ENABLE_DEBUG_INFO = NO;
				MTL_FAST_MATH = YES;
				SDKROOT = iphoneos;
				SWIFT_COMPILATION_MODE = wholemodule;
				SWIFT_OPTIMIZATION_LEVEL = "-O";
				VALIDATE_PRODUCT = YES;
			};
			name = Release;
		};
		200E2CBA293AC9A30069959A /* Debug */ = {
			isa = XCBuildConfiguration;
			buildSettings = {
				ASSETCATALOG_COMPILER_APPICON_NAME = AppIcon;
				ASSETCATALOG_COMPILER_GLOBAL_ACCENT_COLOR_NAME = AccentColor;
				CODE_SIGN_STYLE = Automatic;
				CURRENT_PROJECT_VERSION = 1;
				DEVELOPMENT_TEAM = TL76QL278K;
				GENERATE_INFOPLIST_FILE = YES;
				INFOPLIST_FILE = SwiftTestingSample/Info.plist;
				INFOPLIST_KEY_UIApplicationSupportsIndirectInputEvents = YES;
				INFOPLIST_KEY_UILaunchStoryboardName = LaunchScreen;
				INFOPLIST_KEY_UIMainStoryboardFile = Main;
				INFOPLIST_KEY_UISupportedInterfaceOrientations_iPad = "UIInterfaceOrientationPortrait UIInterfaceOrientationPortraitUpsideDown UIInterfaceOrientationLandscapeLeft UIInterfaceOrientationLandscapeRight";
				INFOPLIST_KEY_UISupportedInterfaceOrientations_iPhone = "UIInterfaceOrientationPortrait UIInterfaceOrientationLandscapeLeft UIInterfaceOrientationLandscapeRight";
				LD_RUNPATH_SEARCH_PATHS = (
					"$(inherited)",
					"@executable_path/Frameworks",
				);
				MARKETING_VERSION = 1.0;
				PRODUCT_BUNDLE_IDENTIFIER = com.juanmueller.SwiftTestingSample;
				PRODUCT_NAME = "$(TARGET_NAME)";
				SWIFT_EMIT_LOC_STRINGS = YES;
				SWIFT_VERSION = 5.0;
				TARGETED_DEVICE_FAMILY = "1,2";
			};
			name = Debug;
		};
		200E2CBB293AC9A30069959A /* Release */ = {
			isa = XCBuildConfiguration;
			buildSettings = {
				ASSETCATALOG_COMPILER_APPICON_NAME = AppIcon;
				ASSETCATALOG_COMPILER_GLOBAL_ACCENT_COLOR_NAME = AccentColor;
				CODE_SIGN_STYLE = Automatic;
				CURRENT_PROJECT_VERSION = 1;
				DEVELOPMENT_TEAM = TL76QL278K;
				GENERATE_INFOPLIST_FILE = YES;
				INFOPLIST_FILE = SwiftTestingSample/Info.plist;
				INFOPLIST_KEY_UIApplicationSupportsIndirectInputEvents = YES;
				INFOPLIST_KEY_UILaunchStoryboardName = LaunchScreen;
				INFOPLIST_KEY_UIMainStoryboardFile = Main;
				INFOPLIST_KEY_UISupportedInterfaceOrientations_iPad = "UIInterfaceOrientationPortrait UIInterfaceOrientationPortraitUpsideDown UIInterfaceOrientationLandscapeLeft UIInterfaceOrientationLandscapeRight";
				INFOPLIST_KEY_UISupportedInterfaceOrientations_iPhone = "UIInterfaceOrientationPortrait UIInterfaceOrientationLandscapeLeft UIInterfaceOrientationLandscapeRight";
				LD_RUNPATH_SEARCH_PATHS = (
					"$(inherited)",
					"@executable_path/Frameworks",
				);
				MARKETING_VERSION = 1.0;
				PRODUCT_BUNDLE_IDENTIFIER = com.juanmueller.SwiftTestingSample;
				PRODUCT_NAME = "$(TARGET_NAME)";
				SWIFT_EMIT_LOC_STRINGS = YES;
				SWIFT_VERSION = 5.0;
				TARGETED_DEVICE_FAMILY = "1,2";
			};
			name = Release;
		};
		200E2CBD293AC9A30069959A /* Debug */ = {
			isa = XCBuildConfiguration;
			buildSettings = {
				ALWAYS_EMBED_SWIFT_STANDARD_LIBRARIES = YES;
				BUNDLE_LOADER = "$(TEST_HOST)";
				CODE_SIGN_STYLE = Automatic;
				CURRENT_PROJECT_VERSION = 1;
				DEVELOPMENT_TEAM = TL76QL278K;
				GENERATE_INFOPLIST_FILE = YES;
				IPHONEOS_DEPLOYMENT_TARGET = 16.1;
				MARKETING_VERSION = 1.0;
				PRODUCT_BUNDLE_IDENTIFIER = com.juanmueller.SwiftTestingSampleTests;
				PRODUCT_NAME = "$(TARGET_NAME)";
				SWIFT_EMIT_LOC_STRINGS = NO;
				SWIFT_VERSION = 5.0;
				TARGETED_DEVICE_FAMILY = "1,2";
				TEST_HOST = "$(BUILT_PRODUCTS_DIR)/SwiftTestingSample.app/$(BUNDLE_EXECUTABLE_FOLDER_PATH)/SwiftTestingSample";
			};
			name = Debug;
		};
		200E2CBE293AC9A30069959A /* Release */ = {
			isa = XCBuildConfiguration;
			buildSettings = {
				ALWAYS_EMBED_SWIFT_STANDARD_LIBRARIES = YES;
				BUNDLE_LOADER = "$(TEST_HOST)";
				CODE_SIGN_STYLE = Automatic;
				CURRENT_PROJECT_VERSION = 1;
				DEVELOPMENT_TEAM = TL76QL278K;
				GENERATE_INFOPLIST_FILE = YES;
				IPHONEOS_DEPLOYMENT_TARGET = 16.1;
				MARKETING_VERSION = 1.0;
				PRODUCT_BUNDLE_IDENTIFIER = com.juanmueller.SwiftTestingSampleTests;
				PRODUCT_NAME = "$(TARGET_NAME)";
				SWIFT_EMIT_LOC_STRINGS = NO;
				SWIFT_VERSION = 5.0;
				TARGETED_DEVICE_FAMILY = "1,2";
				TEST_HOST = "$(BUILT_PRODUCTS_DIR)/SwiftTestingSample.app/$(BUNDLE_EXECUTABLE_FOLDER_PATH)/SwiftTestingSample";
			};
			name = Release;
		};
		200E2CC0293AC9A30069959A /* Debug */ = {
			isa = XCBuildConfiguration;
			buildSettings = {
				ALWAYS_EMBED_SWIFT_STANDARD_LIBRARIES = YES;
				CODE_SIGN_STYLE = Automatic;
				CURRENT_PROJECT_VERSION = 1;
				DEVELOPMENT_TEAM = TL76QL278K;
				GENERATE_INFOPLIST_FILE = YES;
				MARKETING_VERSION = 1.0;
				PRODUCT_BUNDLE_IDENTIFIER = com.juanmueller.SwiftTestingSampleUITests;
				PRODUCT_NAME = "$(TARGET_NAME)";
				SWIFT_EMIT_LOC_STRINGS = NO;
				SWIFT_VERSION = 5.0;
				TARGETED_DEVICE_FAMILY = "1,2";
				TEST_TARGET_NAME = SwiftTestingSample;
			};
			name = Debug;
		};
		200E2CC1293AC9A30069959A /* Release */ = {
			isa = XCBuildConfiguration;
			buildSettings = {
				ALWAYS_EMBED_SWIFT_STANDARD_LIBRARIES = YES;
				CODE_SIGN_STYLE = Automatic;
				CURRENT_PROJECT_VERSION = 1;
				DEVELOPMENT_TEAM = TL76QL278K;
				GENERATE_INFOPLIST_FILE = YES;
				MARKETING_VERSION = 1.0;
				PRODUCT_BUNDLE_IDENTIFIER = com.juanmueller.SwiftTestingSampleUITests;
				PRODUCT_NAME = "$(TARGET_NAME)";
				SWIFT_EMIT_LOC_STRINGS = NO;
				SWIFT_VERSION = 5.0;
				TARGETED_DEVICE_FAMILY = "1,2";
				TEST_TARGET_NAME = SwiftTestingSample;
			};
			name = Release;
		};
/* End XCBuildConfiguration section */

/* Begin XCConfigurationList section */
		200E2C8A293AC9A20069959A /* Build configuration list for PBXProject "SwiftTestingSample" */ = {
			isa = XCConfigurationList;
			buildConfigurations = (
				200E2CB7293AC9A30069959A /* Debug */,
				200E2CB8293AC9A30069959A /* Release */,
			);
			defaultConfigurationIsVisible = 0;
			defaultConfigurationName = Release;
		};
		200E2CB9293AC9A30069959A /* Build configuration list for PBXNativeTarget "SwiftTestingSample" */ = {
			isa = XCConfigurationList;
			buildConfigurations = (
				200E2CBA293AC9A30069959A /* Debug */,
				200E2CBB293AC9A30069959A /* Release */,
			);
			defaultConfigurationIsVisible = 0;
			defaultConfigurationName = Release;
		};
		200E2CBC293AC9A30069959A /* Build configuration list for PBXNativeTarget "SwiftTestingSampleTests" */ = {
			isa = XCConfigurationList;
			buildConfigurations = (
				200E2CBD293AC9A30069959A /* Debug */,
				200E2CBE293AC9A30069959A /* Release */,
			);
			defaultConfigurationIsVisible = 0;
			defaultConfigurationName = Release;
		};
		200E2CBF293AC9A30069959A /* Build configuration list for PBXNativeTarget "SwiftTestingSampleUITests" */ = {
			isa = XCConfigurationList;
			buildConfigurations = (
				200E2CC0293AC9A30069959A /* Debug */,
				200E2CC1293AC9A30069959A /* Release */,
			);
			defaultConfigurationIsVisible = 0;
			defaultConfigurationName = Release;
		};
/* End XCConfigurationList section */
	};
	rootObject = 200E2C87293AC9A20069959A /* Project object */;
}
